
Microsoft Visual Studio Solution File, Format Version 12.00
# Visual Studio 15
VisualStudioVersion = 15.0.28307.168
MinimumVisualStudioVersion = 10.0.40219.1
Project("{FAE04EC0-301F-11D3-BF4B-00C04F79EFBC}") = "HessianAPI", "HessianAPI\HessianAPI.csproj", "{A70533E6-37FE-4915-9BB7-D0C0579EBD3E}"
EndProject
Global
	GlobalSection(SolutionConfigurationPlatforms) = preSolution
		Debug|Any CPU = Debug|Any CPU
		Release|Any CPU = Release|Any CPU
	EndGlobalSection
	GlobalSection(ProjectConfigurationPlatforms) = postSolution
		{A70533E6-37FE-4915-9BB7-D0C0579EBD3E}.Debug|Any CPU.ActiveCfg = Debug|Any CPU
		{A70533E6-37FE-4915-9BB7-D0C0579EBD3E}.Debug|Any CPU.Build.0 = Debug|Any CPU
		{A70533E6-37FE-4915-9BB7-D0C0579EBD3E}.Release|Any CPU.ActiveCfg = Release|Any CPU
		{A70533E6-37FE-4915-9BB7-D0C0579EBD3E}.Release|Any CPU.Build.0 = Release|Any CPU
	EndGlobalSection
	GlobalSection(SolutionProperties) = preSolution
		HideSolutionNode = FALSE
	EndGlobalSection
	GlobalSection(ExtensibilityGlobals) = postSolution
		SolutionGuid = {BA08A53A-D912-44A0-8DCE-462CD9D92687}
	EndGlobalSection
EndGlobal
